Microsoft Visual Studio Solution File, Format Version 11.00
# Visual Studio 2008

Project("{CDC54443-C7B5-A071-23A0-BE6C97A9BFB6}") = "TheMaze", "Assembly-CSharp.csproj", "{CB978BCD-7736-F556-8468-B6243BAE302C}"
EndProject
Global
	GlobalSection(SolutionConfigurationPlatforms) = preSolution
		Debug|Any CPU = Debug|Any CPU
		Release|Any CPU = Release|Any CPU
	EndGlobalSection
	GlobalSection(ProjectConfigurationPlatforms) = postSolution
		{CB978BCD-7736-F556-8468-B6243BAE302C}.Debug|Any CPU.ActiveCfg = Debug|Any CPU
		{CB978BCD-7736-F556-8468-B6243BAE302C}.Debug|Any CPU.Build.0 = Debug|Any CPU
		{CB978BCD-7736-F556-8468-B6243BAE302C}.Release|Any CPU.ActiveCfg = Release|Any CPU
		{CB978BCD-7736-F556-8468-B6243BAE302C}.Release|Any CPU.Build.0 = Release|Any CPU
	EndGlobalSection
	GlobalSection(SolutionProperties) = preSolution
		HideSolutionNode = FALSE
	EndGlobalSection
	GlobalSection(MonoDevelopProperties) = preSolution
		StartupItem = Assembly-CSharp.csproj
	EndGlobalSection
EndGlobal
